
Microsoft Visual Studio Solution File, Format Version 12.00
# Visual Studio Version 17
VisualStudioVersion = 17.0.31903.59
MinimumVisualStudioVersion = 10.0.40219.1
Project("{FAE04EC0-301F-11D3-BF4B-00C04F79EFBC}") = "Devlead.Console", "Devlead.Console\Devlead.Console.csproj", "{449A8B5A-4C44-418E-8482-2DE3780FE707}"
EndProject
Project("{FAE04EC0-301F-11D3-BF4B-00C04F79EFBC}") = "Devlead.Console.Tests", "Devlead.Console.Tests\Devlead.Console.Tests.csproj", "{E61505AA-A4AD-42F2-BB1A-DFBAE37E850A}"
EndProject
Project("{FAE04EC0-301F-11D3-BF4B-00C04F79EFBC}") = "Devlead.Console.Integration.Test", "Devlead.Console.Integration.Test\Devlead.Console.Integration.Test.csproj", "{A6D030C7-834E-46B9-A192-3EAFEB50AC35}"
EndProject
Global
	GlobalSection(SolutionConfigurationPlatforms) = preSolution
		Debug|Any CPU = Debug|Any CPU
		Release|Any CPU = Release|Any CPU
	EndGlobalSection
	GlobalSection(SolutionProperties) = preSolution
		HideSolutionNode = FALSE
	EndGlobalSection
	GlobalSection(ProjectConfigurationPlatforms) = postSolution
		{449A8B5A-4C44-418E-8482-2DE3780FE707}.Debug|Any CPU.ActiveCfg = Debug|Any CPU
		{449A8B5A-4C44-418E-8482-2DE3780FE707}.Debug|Any CPU.Build.0 = Debug|Any CPU
		{449A8B5A-4C44-418E-8482-2DE3780FE707}.Release|Any CPU.ActiveCfg = Release|Any CPU
		{449A8B5A-4C44-418E-8482-2DE3780FE707}.Release|Any CPU.Build.0 = Release|Any CPU
		{E61505AA-A4AD-42F2-BB1A-DFBAE37E850A}.Debug|Any CPU.ActiveCfg = Debug|Any CPU
		{E61505AA-A4AD-42F2-BB1A-DFBAE37E850A}.Debug|Any CPU.Build.0 = Debug|Any CPU
		{E61505AA-A4AD-42F2-BB1A-DFBAE37E850A}.Release|Any CPU.ActiveCfg = Release|Any CPU
		{E61505AA-A4AD-42F2-BB1A-DFBAE37E850A}.Release|Any CPU.Build.0 = Release|Any CPU
		{A6D030C7-834E-46B9-A192-3EAFEB50AC35}.Debug|Any CPU.ActiveCfg = Debug|Any CPU
		{A6D030C7-834E-46B9-A192-3EAFEB50AC35}.Debug|Any CPU.Build.0 = Debug|Any CPU
		{A6D030C7-834E-46B9-A192-3EAFEB50AC35}.Release|Any CPU.ActiveCfg = Release|Any CPU
		{A6D030C7-834E-46B9-A192-3EAFEB50AC35}.Release|Any CPU.Build.0 = Release|Any CPU
	EndGlobalSection
EndGlobal
